// !$*UTF8*$!
{
	archiveVersion = 1;
	classes = {
	};
	objectVersion = 46;
	objects = {
/* Begin PBXBuildFile section */
		0207DA581B56EA530066E2B4 /* Images.xcassets in Resources */ = {isa = PBXBuildFile; fileRef = 0207DA571B56EA530066E2B4 /* Images.xcassets */; };
		0F42931149B84724A9C6EA61 /* CDVInAppBrowser.m in Sources */ = {isa = PBXBuildFile; fileRef = 15CE1661BD1048F3868A0DE4 /* CDVInAppBrowser.m */; };
		1210800FC2D443F7B16CF6A2 /* CDVWKProcessPoolFactory.m in Sources */ = {isa = PBXBuildFile; fileRef = 8945E2A842C4481BB9B91577 /* CDVWKProcessPoolFactory.m */; };
		184797F2A0A048C1AF8DDADE /* GCDWebServerFunctions.m in Sources */ = {isa = PBXBuildFile; fileRef = E76B236EEF824189B79C709E /* GCDWebServerFunctions.m */; };
		1D3623260D0F684500981E51 /* AppDelegate.m in Sources */ = {isa = PBXBuildFile; fileRef = 1D3623250D0F684500981E51 /* AppDelegate.m */; };
		1D60589B0D05DD56006BFB54 /* main.m in Sources */ = {isa = PBXBuildFile; fileRef = 29B97316FDCFA39411CA2CEA /* main.m */; };
		1E97A129A8044F79987D364B /* CDVWKWebViewEngine.m in Sources */ = {isa = PBXBuildFile; fileRef = E718D1802C2D4B6582B2280A /* CDVWKWebViewEngine.m */; };
		1E99BA01FCC8484AB8BB67FC /* CDVViewController+SplashScreen.m in Sources */ = {isa = PBXBuildFile; fileRef = 4C59C56D151C47C18D73D746 /* CDVViewController+SplashScreen.m */; };
		2D695208E5014CC19B3622A8 /* GCDWebServerStreamedResponse.m in Sources */ = {isa = PBXBuildFile; fileRef = 753A8E7FCC4D4495B2D987EF /* GCDWebServerStreamedResponse.m */; };
		2DFAD230B8054747873FB5A1 /* IonicKeyboard.m in Sources */ = {isa = PBXBuildFile; fileRef = ACD6DBCC216A4C8785DBB0B4 /* IonicKeyboard.m */; };
		301BF552109A68D80062928A /* libCordova.a in Frameworks */ = {isa = PBXBuildFile; fileRef = 301BF535109A57CC0062928A /* libCordova.a */; };
		302D95F114D2391D003F00A1 /* MainViewController.m in Sources */ = {isa = PBXBuildFile; fileRef = 302D95EF14D2391D003F00A1 /* MainViewController.m */; };
		302D95F214D2391D003F00A1 /* MainViewController.xib in Resources */ = {isa = PBXBuildFile; fileRef = 302D95F014D2391D003F00A1 /* MainViewController.xib */; };
		3CC48A3A6E0F4C918FA566E8 /* CDVSplashScreen.m in Sources */ = {isa = PBXBuildFile; fileRef = 9E3AF38F06684CFA949B4EB3 /* CDVSplashScreen.m */; };
		4498E283C9484DFFA4D2FF2D /* libz.tbd in Frameworks */ = {isa = PBXBuildFile; fileRef = 198DAAA2A6464C9C9BBF96D4 /* libz.tbd */; };
		4D06B8C35FB249D79C0A0E03 /* GCDWebServerFileResponse.m in Sources */ = {isa = PBXBuildFile; fileRef = E271D1A47BD3483FB12ED6A3 /* GCDWebServerFileResponse.m */; };
		5BB3AEFC4C3143FC91CB660A /* CDVWKWebViewUIDelegate.m in Sources */ = {isa = PBXBuildFile; fileRef = FF6E8569E67E415AB2B67763 /* CDVWKWebViewUIDelegate.m */; };
		658BE6B894AE4C34B92657D8 /* GCDWebServerErrorResponse.m in Sources */ = {isa = PBXBuildFile; fileRef = C62DF7572A09488D835653B0 /* GCDWebServerErrorResponse.m */; };
		6AFF5BF91D6E424B00AB3073 /* CDVLaunchScreen.storyboard in Resources */ = {isa = PBXBuildFile; fileRef = 6AFF5BF81D6E424B00AB3073 /* CDVLaunchScreen.storyboard */; };
		6E14353A223942AA87449087 /* CDVDevice.m in Sources */ = {isa = PBXBuildFile; fileRef = F0F9410B099444C5A219F3D3 /* CDVDevice.m */; };
		747F8AD073A84F369F1690E1 /* GCDWebServerURLEncodedFormRequest.m in Sources */ = {isa = PBXBuildFile; fileRef = 2722D697D02541758D85FF08 /* GCDWebServerURLEncodedFormRequest.m */; };
		793882DB95E942FB833E767F /* GCDWebServerMultiPartFormRequest.m in Sources */ = {isa = PBXBuildFile; fileRef = A3A8091E83ED43EBA9CBAE1A /* GCDWebServerMultiPartFormRequest.m */; };
		853D2CCACFA14E78855DA0A2 /* GCDWebServerResponse.m in Sources */ = {isa = PBXBuildFile; fileRef = D18476B4790E419094E2FF38 /* GCDWebServerResponse.m */; };
		88C6AF08EF1A45908986F1E7 /* WebKit.framework in Frameworks */ = {isa = PBXBuildFile; fileRef = D7105A273B7641EF959DF66D /* WebKit.framework */; settings = {ATTRIBUTES = (Weak, ); }; };
		8A628C934A78424D92F2069F /* GCDWebServerDataRequest.m in Sources */ = {isa = PBXBuildFile; fileRef = C9755CE3A95D45E8B75F0406 /* GCDWebServerDataRequest.m */; };
		968EE80BDC4F4A559EF2F893 /* AppVersion.m in Sources */ = {isa = PBXBuildFile; fileRef = 96F9CD47A8B64E5AAFE029DB /* AppVersion.m */; };
		AF7EEED6846C49CBA5161CF8 /* GCDWebServerConnection.m in Sources */ = {isa = PBXBuildFile; fileRef = E4375608650246499273D486 /* GCDWebServerConnection.m */; };
		B6573D9E6E4246359656A3AB /* GCDWebServer.m in Sources */ = {isa = PBXBuildFile; fileRef = 2AE00B7AFFFE43BF820BAE18 /* GCDWebServer.m */; };
		DECEBBFE79C64E56B1AC7E85 /* GCDWebServerRequest.m in Sources */ = {isa = PBXBuildFile; fileRef = 7267A348EF744E65A2E0C617 /* GCDWebServerRequest.m */; };
		EE1CB649FA174CC98CCF63D4 /* GCDWebServerDataResponse.m in Sources */ = {isa = PBXBuildFile; fileRef = FFE09AA84C1847CCAACAE3C1 /* GCDWebServerDataResponse.m */; };
		F419144EA5BB42568D4BEF76 /* GCDWebServerFileRequest.m in Sources */ = {isa = PBXBuildFile; fileRef = C8B48AAD65A241FAA2866BCE /* GCDWebServerFileRequest.m */; };
		FC91AD6F74164205969AB769 /* CDVStatusBar.m in Sources */ = {isa = PBXBuildFile; fileRef = FA0F3B02000B4C319B54DBFE /* CDVStatusBar.m */; };
		15C55F2280F4409CAB01A4FD /* SQLitePlugin.m in Sources */ = {isa = PBXBuildFile; fileRef = 21B4E1FCD2C5488A8AACC476 /* SQLitePlugin.m */; };
		DBD6B68808384B4C828143EA /* PSPDFThreadSafeMutableDictionary.m in Sources */ = {isa = PBXBuildFile; fileRef = 07D9B5834C4B4B3CA688319E /* PSPDFThreadSafeMutableDictionary.m */; };
		016DEA66FC0245EF9FE9D801 /* sqlite3_regexp.c in Resources */ = {isa = PBXBuildFile; fileRef = E29E6623A758471882891C02 /* sqlite3_regexp.c */; };
		EBFE68C50C2A4DA49D87B83F /* sqlite3_base64.c in Resources */ = {isa = PBXBuildFile; fileRef = 143FBFE2F19541F9976E4C9D /* sqlite3_base64.c */; };
		F98930A2D1E24744B52BFB6C /* cencode.c in Resources */ = {isa = PBXBuildFile; fileRef = 9B783B4A4B5C4D1C90123CA8 /* cencode.c */; };
		D9DBD00BC6994D8596D60367 /* sqlite3.c in Resources */ = {isa = PBXBuildFile; fileRef = 58B4A300DF594F309CF26F71 /* sqlite3.c */; settings = {COMPILER_FLAGS = "-DSQLITE_TEMP_STORE=2 -DSQLITE_THREADSAFE=1 -DSQLITE_ENABLE_FTS3 -DSQLITE_ENABLE_FTS3_PARENTHESIS -DSQLITE_ENABLE_FTS4 -DSQLITE_ENABLE_RTREE  -DSQLITE_OMIT_BUILTIN_TEST -DSQLITE_OMIT_LOAD_EXTENSION -DSQLITE_DEFAULT_PAGE_SIZE=1024 -DSQLITE_DEFAULT_CACHE_SIZE=2000"; }; };
/* End PBXBuildFile section */

/* Begin PBXContainerItemProxy section */
		301BF534109A57CC0062928A /* PBXContainerItemProxy */ = {
			isa = PBXContainerItemProxy;
			containerPortal = 301BF52D109A57CC0062928A /* CordovaLib/CordovaLib.xcodeproj */;
			proxyType = 2;
			remoteGlobalIDString = D2AAC07E0554694100DB518D;
			remoteInfo = CordovaLib;
		};
		301BF550109A68C00062928A /* PBXContainerItemProxy */ = {
			isa = PBXContainerItemProxy;
			containerPortal = 301BF52D109A57CC0062928A /* CordovaLib/CordovaLib.xcodeproj */;
			proxyType = 1;
			remoteGlobalIDString = D2AAC07D0554694100DB518D;
			remoteInfo = CordovaLib;
		};
		AA6B60021FD742F400F33AF3 /* PBXContainerItemProxy */ = {
			isa = PBXContainerItemProxy;
			containerPortal = 301BF52D109A57CC0062928A /* CordovaLib/CordovaLib.xcodeproj */;
			proxyType = 2;
			remoteGlobalIDString = C0C01EB21E3911D50056E6CB;
			remoteInfo = Cordova;
		};
/* End PBXContainerItemProxy section */

/* Begin PBXFileReference section */
		0207DA571B56EA530066E2B4 /* Images.xcassets */ = {isa = PBXFileReference; lastKnownFileType = folder.assetcatalog; name = Images.xcassets; path = "College Chefs/Images.xcassets"; sourceTree = SOURCE_ROOT; };
		039E9C913FD04AABBE2A981C /* GCDWebServerHTTPStatusCodes.h */ = {isa = PBXFileReference; explicitFileType = undefined; fileEncoding = 4; includeInIndex = 0; lastKnownFileType = sourcecode.c.h; name = GCDWebServerHTTPStatusCodes.h; path = "cordova-plugin-ionic-webview/GCDWebServerHTTPStatusCodes.h"; sourceTree = "<group>"; };
		0902174AAC674C3C85DFECC2 /* CDVInAppBrowser.h */ = {isa = PBXFileReference; explicitFileType = undefined; fileEncoding = 4; includeInIndex = 0; lastKnownFileType = sourcecode.c.h; name = CDVInAppBrowser.h; path = "cordova-plugin-inappbrowser/CDVInAppBrowser.h"; sourceTree = "<group>"; };
		15CE1661BD1048F3868A0DE4 /* CDVInAppBrowser.m */ = {isa = PBXFileReference; explicitFileType = undefined; fileEncoding = 4; includeInIndex = 0; lastKnownFileType = sourcecode.c.objc; name = CDVInAppBrowser.m; path = "cordova-plugin-inappbrowser/CDVInAppBrowser.m"; sourceTree = "<group>"; };
		198DAAA2A6464C9C9BBF96D4 /* libz.tbd */ = {isa = PBXFileReference; explicitFileType = undefined; fileEncoding = 9; includeInIndex = 0; lastKnownFileType = "sourcecode.text-based-dylib-definition"; name = libz.tbd; path = usr/lib/libz.tbd; sourceTree = SDKROOT; };
		1BA5A1CC8C444017BD75D446 /* GCDWebServerDataRequest.h */ = {isa = PBXFileReference; explicitFileType = undefined; fileEncoding = 4; includeInIndex = 0; lastKnownFileType = sourcecode.c.h; name = GCDWebServerDataRequest.h; path = "cordova-plugin-ionic-webview/GCDWebServerDataRequest.h"; sourceTree = "<group>"; };
		1D3623240D0F684500981E51 /* AppDelegate.h */ = {isa = PBXFileReference; fileEncoding = 4; lastKnownFileType = sourcecode.c.h; path = AppDelegate.h; sourceTree = "<group>"; };
		1D3623250D0F684500981E51 /* AppDelegate.m */ = {isa = PBXFileReference; fileEncoding = 4; lastKnownFileType = sourcecode.c.objc; path = AppDelegate.m; sourceTree = "<group>"; };
		1D6058910D05DD3D006BFB54 /* College Chefs.app */ = {isa = PBXFileReference; explicitFileType = wrapper.application; includeInIndex = 0; path = "College Chefs.app"; sourceTree = BUILT_PRODUCTS_DIR; };
		266F1C40AA9147109D447E38 /* CDVWKWebViewEngine.h */ = {isa = PBXFileReference; explicitFileType = undefined; fileEncoding = 4; includeInIndex = 0; lastKnownFileType = sourcecode.c.h; name = CDVWKWebViewEngine.h; path = "cordova-plugin-ionic-webview/CDVWKWebViewEngine.h"; sourceTree = "<group>"; };
		2722D697D02541758D85FF08 /* GCDWebServerURLEncodedFormRequest.m */ = {isa = PBXFileReference; explicitFileType = undefined; fileEncoding = 4; includeInIndex = 0; lastKnownFileType = sourcecode.c.objc; name = GCDWebServerURLEncodedFormRequest.m; path = "cordova-plugin-ionic-webview/GCDWebServerURLEncodedFormRequest.m"; sourceTree = "<group>"; };
		29B97316FDCFA39411CA2CEA /* main.m */ = {isa = PBXFileReference; fileEncoding = 4; lastKnownFileType = sourcecode.c.objc; path = main.m; sourceTree = "<group>"; };
		2AE00B7AFFFE43BF820BAE18 /* GCDWebServer.m */ = {isa = PBXFileReference; explicitFileType = undefined; fileEncoding = 4; includeInIndex = 0; lastKnownFileType = sourcecode.c.objc; name = GCDWebServer.m; path = "cordova-plugin-ionic-webview/GCDWebServer.m"; sourceTree = "<group>"; };
		301BF52D109A57CC0062928A /* CordovaLib/CordovaLib.xcodeproj */ = {isa = PBXFileReference; lastKnownFileType = "wrapper.pb-project"; path = CordovaLib/CordovaLib.xcodeproj; sourceTree = "<group>"; };
		301BF56E109A69640062928A /* www */ = {isa = PBXFileReference; lastKnownFileType = folder; path = www; sourceTree = SOURCE_ROOT; };
		302D95EE14D2391D003F00A1 /* MainViewController.h */ = {isa = PBXFileReference; fileEncoding = 4; lastKnownFileType = sourcecode.c.h; path = MainViewController.h; sourceTree = "<group>"; };
		302D95EF14D2391D003F00A1 /* MainViewController.m */ = {isa = PBXFileReference; fileEncoding = 4; lastKnownFileType = sourcecode.c.objc; path = MainViewController.m; sourceTree = "<group>"; };
		302D95F014D2391D003F00A1 /* MainViewController.xib */ = {isa = PBXFileReference; fileEncoding = 4; lastKnownFileType = file.xib; path = MainViewController.xib; sourceTree = "<group>"; };
		3047A50F1AB8059700498E2A /* build-debug.xcconfig */ = {isa = PBXFileReference; fileEncoding = 4; lastKnownFileType = text.xcconfig; name = "build-debug.xcconfig"; path = "cordova/build-debug.xcconfig"; sourceTree = SOURCE_ROOT; };
		3047A5101AB8059700498E2A /* build-release.xcconfig */ = {isa = PBXFileReference; fileEncoding = 4; lastKnownFileType = text.xcconfig; name = "build-release.xcconfig"; path = "cordova/build-release.xcconfig"; sourceTree = SOURCE_ROOT; };
		3047A5111AB8059700498E2A /* build.xcconfig */ = {isa = PBXFileReference; fileEncoding = 4; lastKnownFileType = text.xcconfig; name = build.xcconfig; path = cordova/build.xcconfig; sourceTree = SOURCE_ROOT; };
		32CA4F630368D1EE00C91783 /* College Chefs-Prefix.pch */ = {isa = PBXFileReference; fileEncoding = 4; lastKnownFileType = sourcecode.c.h; path = "College Chefs-Prefix.pch"; sourceTree = "<group>"; };
		38465FAB2F314DBB9D215A14 /* GCDWebServerMultiPartFormRequest.h */ = {isa = PBXFileReference; explicitFileType = undefined; fileEncoding = 4; includeInIndex = 0; lastKnownFileType = sourcecode.c.h; name = GCDWebServerMultiPartFormRequest.h; path = "cordova-plugin-ionic-webview/GCDWebServerMultiPartFormRequest.h"; sourceTree = "<group>"; };
		4C59C56D151C47C18D73D746 /* CDVViewController+SplashScreen.m */ = {isa = PBXFileReference; explicitFileType = undefined; fileEncoding = 4; includeInIndex = 0; lastKnownFileType = sourcecode.c.objc; name = "CDVViewController+SplashScreen.m"; path = "cordova-plugin-splashscreen/CDVViewController+SplashScreen.m"; sourceTree = "<group>"; };
		585DD673030D49C180F43FC6 /* CDVWKProcessPoolFactory.h */ = {isa = PBXFileReference; explicitFileType = undefined; fileEncoding = 4; includeInIndex = 0; lastKnownFileType = sourcecode.c.h; name = CDVWKProcessPoolFactory.h; path = "cordova-plugin-ionic-webview/CDVWKProcessPoolFactory.h"; sourceTree = "<group>"; };
		5BAE9ACBC6DC493885DDECE8 /* IonicKeyboard.h */ = {isa = PBXFileReference; explicitFileType = undefined; fileEncoding = 4; includeInIndex = 0; lastKnownFileType = sourcecode.c.h; name = IonicKeyboard.h; path = "ionic-plugin-keyboard/IonicKeyboard.h"; sourceTree = "<group>"; };
		6786035BFD7D41BF8A51D3CE /* GCDWebServerConnection.h */ = {isa = PBXFileReference; explicitFileType = undefined; fileEncoding = 4; includeInIndex = 0; lastKnownFileType = sourcecode.c.h; name = GCDWebServerConnection.h; path = "cordova-plugin-ionic-webview/GCDWebServerConnection.h"; sourceTree = "<group>"; };
		6AFF5BF81D6E424B00AB3073 /* CDVLaunchScreen.storyboard */ = {isa = PBXFileReference; fileEncoding = 4; lastKnownFileType = file.storyboard; name = CDVLaunchScreen.storyboard; path = "College Chefs/CDVLaunchScreen.storyboard"; sourceTree = SOURCE_ROOT; };
		7267A348EF744E65A2E0C617 /* GCDWebServerRequest.m */ = {isa = PBXFileReference; explicitFileType = undefined; fileEncoding = 4; includeInIndex = 0; lastKnownFileType = sourcecode.c.objc; name = GCDWebServerRequest.m; path = "cordova-plugin-ionic-webview/GCDWebServerRequest.m"; sourceTree = "<group>"; };
		753A8E7FCC4D4495B2D987EF /* GCDWebServerStreamedResponse.m */ = {isa = PBXFileReference; explicitFileType = undefined; fileEncoding = 4; includeInIndex = 0; lastKnownFileType = sourcecode.c.objc; name = GCDWebServerStreamedResponse.m; path = "cordova-plugin-ionic-webview/GCDWebServerStreamedResponse.m"; sourceTree = "<group>"; };
		78DE1EBE8E324A3D860EA68A /* CDVDevice.h */ = {isa = PBXFileReference; explicitFileType = undefined; fileEncoding = 4; includeInIndex = 0; lastKnownFileType = sourcecode.c.h; name = CDVDevice.h; path = "cordova-plugin-device/CDVDevice.h"; sourceTree = "<group>"; };
		806E341DCCC446F191E80AC4 /* GCDWebServerFileRequest.h */ = {isa = PBXFileReference; explicitFileType = undefined; fileEncoding = 4; includeInIndex = 0; lastKnownFileType = sourcecode.c.h; name = GCDWebServerFileRequest.h; path = "cordova-plugin-ionic-webview/GCDWebServerFileRequest.h"; sourceTree = "<group>"; };
		8945E2A842C4481BB9B91577 /* CDVWKProcessPoolFactory.m */ = {isa = PBXFileReference; explicitFileType = undefined; fileEncoding = 4; includeInIndex = 0; lastKnownFileType = sourcecode.c.objc; name = CDVWKProcessPoolFactory.m; path = "cordova-plugin-ionic-webview/CDVWKProcessPoolFactory.m"; sourceTree = "<group>"; };
		8D1107310486CEB800E47090 /* College Chefs-Info.plist */ = {isa = PBXFileReference; fileEncoding = 4; lastKnownFileType = text.plist.xml; name = "College Chefs-Info.plist"; path = "College Chefs/College Chefs-Info.plist"; plistStructureDefinitionIdentifier = "com.apple.xcode.plist.structure-definition.iphone.info-plist"; sourceTree = SOURCE_ROOT; };
		942C8DD06244442B973A04A8 /* GCDWebServerFunctions.h */ = {isa = PBXFileReference; explicitFileType = undefined; fileEncoding = 4; includeInIndex = 0; lastKnownFileType = sourcecode.c.h; name = GCDWebServerFunctions.h; path = "cordova-plugin-ionic-webview/GCDWebServerFunctions.h"; sourceTree = "<group>"; };
		96DD2003A34343DA9B36BDEA /* CDVStatusBar.h */ = {isa = PBXFileReference; explicitFileType = undefined; fileEncoding = 4; includeInIndex = 0; lastKnownFileType = sourcecode.c.h; name = CDVStatusBar.h; path = "cordova-plugin-statusbar/CDVStatusBar.h"; sourceTree = "<group>"; };
		96F9CD47A8B64E5AAFE029DB /* AppVersion.m */ = {isa = PBXFileReference; explicitFileType = undefined; fileEncoding = 4; includeInIndex = 0; lastKnownFileType = sourcecode.c.objc; name = AppVersion.m; path = "cordova-plugin-app-version/AppVersion.m"; sourceTree = "<group>"; };
		9E3AF38F06684CFA949B4EB3 /* CDVSplashScreen.m */ = {isa = PBXFileReference; explicitFileType = undefined; fileEncoding = 4; includeInIndex = 0; lastKnownFileType = sourcecode.c.objc; name = CDVSplashScreen.m; path = "cordova-plugin-splashscreen/CDVSplashScreen.m"; sourceTree = "<group>"; };
		A3A8091E83ED43EBA9CBAE1A /* GCDWebServerMultiPartFormRequest.m */ = {isa = PBXFileReference; explicitFileType = undefined; fileEncoding = 4; includeInIndex = 0; lastKnownFileType = sourcecode.c.objc; name = GCDWebServerMultiPartFormRequest.m; path = "cordova-plugin-ionic-webview/GCDWebServerMultiPartFormRequest.m"; sourceTree = "<group>"; };
		ACD6DBCC216A4C8785DBB0B4 /* IonicKeyboard.m */ = {isa = PBXFileReference; explicitFileType = undefined; fileEncoding = 4; includeInIndex = 0; lastKnownFileType = sourcecode.c.objc; name = IonicKeyboard.m; path = "ionic-plugin-keyboard/IonicKeyboard.m"; sourceTree = "<group>"; };
		BBC89445F0B14149B39EF9B6 /* CDVViewController+SplashScreen.h */ = {isa = PBXFileReference; explicitFileType = undefined; fileEncoding = 4; includeInIndex = 0; lastKnownFileType = sourcecode.c.h; name = "CDVViewController+SplashScreen.h"; path = "cordova-plugin-splashscreen/CDVViewController+SplashScreen.h"; sourceTree = "<group>"; };
		C1465489823F43A193298D1F /* GCDWebServerErrorResponse.h */ = {isa = PBXFileReference; explicitFileType = undefined; fileEncoding = 4; includeInIndex = 0; lastKnownFileType = sourcecode.c.h; name = GCDWebServerErrorResponse.h; path = "cordova-plugin-ionic-webview/GCDWebServerErrorResponse.h"; sourceTree = "<group>"; };
		C604D7A8F2D4476589203568 /* GCDWebServerStreamedResponse.h */ = {isa = PBXFileReference; explicitFileType = undefined; fileEncoding = 4; includeInIndex = 0; lastKnownFileType = sourcecode.c.h; name = GCDWebServerStreamedResponse.h; path = "cordova-plugin-ionic-webview/GCDWebServerStreamedResponse.h"; sourceTree = "<group>"; };
		C62DF7572A09488D835653B0 /* GCDWebServerErrorResponse.m */ = {isa = PBXFileReference; explicitFileType = undefined; fileEncoding = 4; includeInIndex = 0; lastKnownFileType = sourcecode.c.objc; name = GCDWebServerErrorResponse.m; path = "cordova-plugin-ionic-webview/GCDWebServerErrorResponse.m"; sourceTree = "<group>"; };
		C8B48AAD65A241FAA2866BCE /* GCDWebServerFileRequest.m */ = {isa = PBXFileReference; explicitFileType = undefined; fileEncoding = 4; includeInIndex = 0; lastKnownFileType = sourcecode.c.objc; name = GCDWebServerFileRequest.m; path = "cordova-plugin-ionic-webview/GCDWebServerFileRequest.m"; sourceTree = "<group>"; };
		C8D92C002F064520B8898297 /* GCDWebServer.h */ = {isa = PBXFileReference; explicitFileType = undefined; fileEncoding = 4; includeInIndex = 0; lastKnownFileType = sourcecode.c.h; name = GCDWebServer.h; path = "cordova-plugin-ionic-webview/GCDWebServer.h"; sourceTree = "<group>"; };
		C9755CE3A95D45E8B75F0406 /* GCDWebServerDataRequest.m */ = {isa = PBXFileReference; explicitFileType = undefined; fileEncoding = 4; includeInIndex = 0; lastKnownFileType = sourcecode.c.objc; name = GCDWebServerDataRequest.m; path = "cordova-plugin-ionic-webview/GCDWebServerDataRequest.m"; sourceTree = "<group>"; };
		CCCABE4594CF4121B7C48041 /* GCDWebServerURLEncodedFormRequest.h */ = {isa = PBXFileReference; explicitFileType = undefined; fileEncoding = 4; includeInIndex = 0; lastKnownFileType = sourcecode.c.h; name = GCDWebServerURLEncodedFormRequest.h; path = "cordova-plugin-ionic-webview/GCDWebServerURLEncodedFormRequest.h"; sourceTree = "<group>"; };
		D18476B4790E419094E2FF38 /* GCDWebServerResponse.m */ = {isa = PBXFileReference; explicitFileType = undefined; fileEncoding = 4; includeInIndex = 0; lastKnownFileType = sourcecode.c.objc; name = GCDWebServerResponse.m; path = "cordova-plugin-ionic-webview/GCDWebServerResponse.m"; sourceTree = "<group>"; };
		D7105A273B7641EF959DF66D /* WebKit.framework */ = {isa = PBXFileReference; explicitFileType = undefined; fileEncoding = 9; includeInIndex = 0; lastKnownFileType = wrapper.framework; name = WebKit.framework; path = System/Library/Frameworks/WebKit.framework; sourceTree = SDKROOT; };
		DB6D6636071745D79C44B483 /* GCDWebServerDataResponse.h */ = {isa = PBXFileReference; explicitFileType = undefined; fileEncoding = 4; includeInIndex = 0; lastKnownFileType = sourcecode.c.h; name = GCDWebServerDataResponse.h; path = "cordova-plugin-ionic-webview/GCDWebServerDataResponse.h"; sourceTree = "<group>"; };
		DDE42E2F940149E1AC8457BB /* GCDWebServerRequest.h */ = {isa = PBXFileReference; explicitFileType = undefined; fileEncoding = 4; includeInIndex = 0; lastKnownFileType = sourcecode.c.h; name = GCDWebServerRequest.h; path = "cordova-plugin-ionic-webview/GCDWebServerRequest.h"; sourceTree = "<group>"; };
		DDE9FB0B9E734F4FA76879CE /* AppVersion.h */ = {isa = PBXFileReference; explicitFileType = undefined; fileEncoding = 4; includeInIndex = 0; lastKnownFileType = sourcecode.c.h; name = AppVersion.h; path = "cordova-plugin-app-version/AppVersion.h"; sourceTree = "<group>"; };
		E271D1A47BD3483FB12ED6A3 /* GCDWebServerFileResponse.m */ = {isa = PBXFileReference; explicitFileType = undefined; fileEncoding = 4; includeInIndex = 0; lastKnownFileType = sourcecode.c.objc; name = GCDWebServerFileResponse.m; path = "cordova-plugin-ionic-webview/GCDWebServerFileResponse.m"; sourceTree = "<group>"; };
		E365B17C312E45658E1E295E /* GCDWebServerResponse.h */ = {isa = PBXFileReference; explicitFileType = undefined; fileEncoding = 4; includeInIndex = 0; lastKnownFileType = sourcecode.c.h; name = GCDWebServerResponse.h; path = "cordova-plugin-ionic-webview/GCDWebServerResponse.h"; sourceTree = "<group>"; };
		E4375608650246499273D486 /* GCDWebServerConnection.m */ = {isa = PBXFileReference; explicitFileType = undefined; fileEncoding = 4; includeInIndex = 0; lastKnownFileType = sourcecode.c.objc; name = GCDWebServerConnection.m; path = "cordova-plugin-ionic-webview/GCDWebServerConnection.m"; sourceTree = "<group>"; };
		E718D1802C2D4B6582B2280A /* CDVWKWebViewEngine.m */ = {isa = PBXFileReference; explicitFileType = undefined; fileEncoding = 4; includeInIndex = 0; lastKnownFileType = sourcecode.c.objc; name = CDVWKWebViewEngine.m; path = "cordova-plugin-ionic-webview/CDVWKWebViewEngine.m"; sourceTree = "<group>"; };
		E76B236EEF824189B79C709E /* GCDWebServerFunctions.m */ = {isa = PBXFileReference; explicitFileType = undefined; fileEncoding = 4; includeInIndex = 0; lastKnownFileType = sourcecode.c.objc; name = GCDWebServerFunctions.m; path = "cordova-plugin-ionic-webview/GCDWebServerFunctions.m"; sourceTree = "<group>"; };
		E8802BD3D3FF41359DC4DC7C /* CDVWKWebViewUIDelegate.h */ = {isa = PBXFileReference; explicitFileType = undefined; fileEncoding = 4; includeInIndex = 0; lastKnownFileType = sourcecode.c.h; name = CDVWKWebViewUIDelegate.h; path = "cordova-plugin-ionic-webview/CDVWKWebViewUIDelegate.h"; sourceTree = "<group>"; };
		EB87FDF31871DA8E0020F90C /* www */ = {isa = PBXFileReference; lastKnownFileType = folder; name = www; path = ../../www; sourceTree = "<group>"; };
		EB87FDF41871DAF40020F90C /* config.xml */ = {isa = PBXFileReference; lastKnownFileType = text.xml; name = config.xml; path = ../../config.xml; sourceTree = "<group>"; };
		ED33DF2A687741AEAF9F8254 /* Bridging-Header.h */ = {isa = PBXFileReference; fileEncoding = 4; lastKnownFileType = sourcecode.c.h; path = "Bridging-Header.h"; sourceTree = "<group>"; };
		EDC4EFDB655B42969D594841 /* GCDWebServerFileResponse.h */ = {isa = PBXFileReference; explicitFileType = undefined; fileEncoding = 4; includeInIndex = 0; lastKnownFileType = sourcecode.c.h; name = GCDWebServerFileResponse.h; path = "cordova-plugin-ionic-webview/GCDWebServerFileResponse.h"; sourceTree = "<group>"; };
		F0F9410B099444C5A219F3D3 /* CDVDevice.m */ = {isa = PBXFileReference; explicitFileType = undefined; fileEncoding = 4; includeInIndex = 0; lastKnownFileType = sourcecode.c.objc; name = CDVDevice.m; path = "cordova-plugin-device/CDVDevice.m"; sourceTree = "<group>"; };
		F840E1F0165FE0F500CFE078 /* config.xml */ = {isa = PBXFileReference; lastKnownFileType = text.xml; name = config.xml; path = "College Chefs/config.xml"; sourceTree = "<group>"; };
		FA0F3B02000B4C319B54DBFE /* CDVStatusBar.m */ = {isa = PBXFileReference; explicitFileType = undefined; fileEncoding = 4; includeInIndex = 0; lastKnownFileType = sourcecode.c.objc; name = CDVStatusBar.m; path = "cordova-plugin-statusbar/CDVStatusBar.m"; sourceTree = "<group>"; };
		FD3D784A2EF741EDA11B4E30 /* GCDWebServerPrivate.h */ = {isa = PBXFileReference; explicitFileType = undefined; fileEncoding = 4; includeInIndex = 0; lastKnownFileType = sourcecode.c.h; name = GCDWebServerPrivate.h; path = "cordova-plugin-ionic-webview/GCDWebServerPrivate.h"; sourceTree = "<group>"; };
		FE33D2DBEDEA429992CE0737 /* CDVSplashScreen.h */ = {isa = PBXFileReference; explicitFileType = undefined; fileEncoding = 4; includeInIndex = 0; lastKnownFileType = sourcecode.c.h; name = CDVSplashScreen.h; path = "cordova-plugin-splashscreen/CDVSplashScreen.h"; sourceTree = "<group>"; };
		FF6E8569E67E415AB2B67763 /* CDVWKWebViewUIDelegate.m */ = {isa = PBXFileReference; explicitFileType = undefined; fileEncoding = 4; includeInIndex = 0; lastKnownFileType = sourcecode.c.objc; name = CDVWKWebViewUIDelegate.m; path = "cordova-plugin-ionic-webview/CDVWKWebViewUIDelegate.m"; sourceTree = "<group>"; };
		FFE09AA84C1847CCAACAE3C1 /* GCDWebServerDataResponse.m */ = {isa = PBXFileReference; explicitFileType = undefined; fileEncoding = 4; includeInIndex = 0; lastKnownFileType = sourcecode.c.objc; name = GCDWebServerDataResponse.m; path = "cordova-plugin-ionic-webview/GCDWebServerDataResponse.m"; sourceTree = "<group>"; };
		21B4E1FCD2C5488A8AACC476 /* SQLitePlugin.m */ = {isa = PBXFileReference; name = "SQLitePlugin.m"; path = "cordova-sqlite-ext/SQLitePlugin.m"; sourceTree = "<group>"; fileEncoding = 4; lastKnownFileType = sourcecode.c.objc; explicitFileType = undefined; includeInIndex = 0; };
		07D9B5834C4B4B3CA688319E /* PSPDFThreadSafeMutableDictionary.m */ = {isa = PBXFileReference; name = "PSPDFThreadSafeMutableDictionary.m"; path = "cordova-sqlite-ext/PSPDFThreadSafeMutableDictionary.m"; sourceTree = "<group>"; fileEncoding = 4; lastKnownFileType = sourcecode.c.objc; explicitFileType = undefined; includeInIndex = 0; };
		E29E6623A758471882891C02 /* sqlite3_regexp.c */ = {isa = PBXFileReference; name = "sqlite3_regexp.c"; path = "cordova-sqlite-ext/sqlite3_regexp.c"; sourceTree = "<group>"; fileEncoding = undefined; lastKnownFileType = unknown; explicitFileType = undefined; includeInIndex = 0; };
		143FBFE2F19541F9976E4C9D /* sqlite3_base64.c */ = {isa = PBXFileReference; name = "sqlite3_base64.c"; path = "cordova-sqlite-ext/sqlite3_base64.c"; sourceTree = "<group>"; fileEncoding = undefined; lastKnownFileType = unknown; explicitFileType = undefined; includeInIndex = 0; };
		9B783B4A4B5C4D1C90123CA8 /* cencode.c */ = {isa = PBXFileReference; name = "cencode.c"; path = "cordova-sqlite-ext/cencode.c"; sourceTree = "<group>"; fileEncoding = undefined; lastKnownFileType = unknown; explicitFileType = undefined; includeInIndex = 0; };
		58B4A300DF594F309CF26F71 /* sqlite3.c */ = {isa = PBXFileReference; name = "sqlite3.c"; path = "cordova-sqlite-ext/sqlite3.c"; sourceTree = "<group>"; fileEncoding = undefined; lastKnownFileType = unknown; explicitFileType = undefined; includeInIndex = 0; };
		A6A94A84AA1F4D40AEB1EE34 /* SQLitePlugin.h */ = {isa = PBXFileReference; name = "SQLitePlugin.h"; path = "cordova-sqlite-ext/SQLitePlugin.h"; sourceTree = "<group>"; fileEncoding = 4; lastKnownFileType = sourcecode.c.h; explicitFileType = undefined; includeInIndex = 0; };
		83863046A4C64BF9ACE17689 /* PSPDFThreadSafeMutableDictionary.h */ = {isa = PBXFileReference; name = "PSPDFThreadSafeMutableDictionary.h"; path = "cordova-sqlite-ext/PSPDFThreadSafeMutableDictionary.h"; sourceTree = "<group>"; fileEncoding = 4; lastKnownFileType = sourcecode.c.h; explicitFileType = undefined; includeInIndex = 0; };
		509AC0CB90984169A46F267D /* sqlite3_regexp.h */ = {isa = PBXFileReference; name = "sqlite3_regexp.h"; path = "cordova-sqlite-ext/sqlite3_regexp.h"; sourceTree = "<group>"; fileEncoding = 4; lastKnownFileType = sourcecode.c.h; explicitFileType = undefined; includeInIndex = 0; };
		F058FF5BF1EF4E79A1524E9C /* sqlite3_base64.h */ = {isa = PBXFileReference; name = "sqlite3_base64.h"; path = "cordova-sqlite-ext/sqlite3_base64.h"; sourceTree = "<group>"; fileEncoding = 4; lastKnownFileType = sourcecode.c.h; explicitFileType = undefined; includeInIndex = 0; };
		AC9ACF712B6F47999A01162A /* cencode.h */ = {isa = PBXFileReference; name = "cencode.h"; path = "cordova-sqlite-ext/cencode.h"; sourceTree = "<group>"; fileEncoding = 4; lastKnownFileType = sourcecode.c.h; explicitFileType = undefined; includeInIndex = 0; };
		0A30F39A9A744877B3F99B10 /* sqlite3.h */ = {isa = PBXFileReference; name = "sqlite3.h"; path = "cordova-sqlite-ext/sqlite3.h"; sourceTree = "<group>"; fileEncoding = 4; lastKnownFileType = sourcecode.c.h; explicitFileType = undefined; includeInIndex = 0; };
/* End PBXFileReference section */

/* Begin PBXFrameworksBuildPhase section */
		1D60588F0D05DD3D006BFB54 /* Frameworks */ = {
			isa = PBXFrameworksBuildPhase;
			buildActionMask = 2147483647;
			files = (
				301BF552109A68D80062928A /* libCordova.a in Frameworks */,
				88C6AF08EF1A45908986F1E7 /* WebKit.framework in Frameworks */,
				4498E283C9484DFFA4D2FF2D /* libz.tbd in Frameworks */,
			);
			runOnlyForDeploymentPostprocessing = 0;
		};
/* End PBXFrameworksBuildPhase section */

/* Begin PBXGroup section */
		080E96DDFE201D6D7F000001 /* Classes */ = {
			isa = PBXGroup;
			children = (
				302D95EE14D2391D003F00A1 /* MainViewController.h */,
				302D95EF14D2391D003F00A1 /* MainViewController.m */,
				302D95F014D2391D003F00A1 /* MainViewController.xib */,
				1D3623240D0F684500981E51 /* AppDelegate.h */,
				1D3623250D0F684500981E51 /* AppDelegate.m */,
			);
			name = Classes;
			path = "College Chefs/Classes";
			sourceTree = SOURCE_ROOT;
		};
		19C28FACFE9D520D11CA2CBB /* Products */ = {
			isa = PBXGroup;
			children = (
				1D6058910D05DD3D006BFB54 /* College Chefs.app */,
			);
			name = Products;
			sourceTree = "<group>";
		};
		29B97314FDCFA39411CA2CEA /* CustomTemplate */ = {
			isa = PBXGroup;
			children = (
				EB87FDF41871DAF40020F90C /* config.xml */,
				EB87FDF31871DA8E0020F90C /* www */,
				EB87FDF11871DA420020F90C /* Staging */,
				301BF52D109A57CC0062928A /* CordovaLib/CordovaLib.xcodeproj */,
				080E96DDFE201D6D7F000001 /* Classes */,
				307C750510C5A3420062BCA9 /* Plugins */,
				29B97315FDCFA39411CA2CEA /* Other Sources */,
				29B97317FDCFA39411CA2CEA /* Resources */,
				29B97323FDCFA39411CA2CEA /* Frameworks */,
				19C28FACFE9D520D11CA2CBB /* Products */,
			);
			name = CustomTemplate;
			sourceTree = "<group>";
		};
		29B97315FDCFA39411CA2CEA /* Other Sources */ = {
			isa = PBXGroup;
			children = (
				32CA4F630368D1EE00C91783 /* College Chefs-Prefix.pch */,
				29B97316FDCFA39411CA2CEA /* main.m */,
				ED33DF2A687741AEAF9F8254 /* Bridging-Header.h */,
			);
			name = "Other Sources";
			path = "College Chefs";
			sourceTree = "<group>";
		};
		29B97317FDCFA39411CA2CEA /* Resources */ = {
			isa = PBXGroup;
			children = (
				0207DA571B56EA530066E2B4 /* Images.xcassets */,
				3047A50E1AB8057F00498E2A /* config */,
				8D1107310486CEB800E47090 /* College Chefs-Info.plist */,
				6AFF5BF81D6E424B00AB3073 /* CDVLaunchScreen.storyboard */,
			);
			name = Resources;
			path = "College Chefs/Resources";
			sourceTree = "<group>";
		};
		29B97323FDCFA39411CA2CEA /* Frameworks */ = {
			isa = PBXGroup;
			children = (
				D7105A273B7641EF959DF66D /* WebKit.framework */,
				198DAAA2A6464C9C9BBF96D4 /* libz.tbd */,
			);
			name = Frameworks;
			sourceTree = "<group>";
		};
		301BF52E109A57CC0062928A /* Products */ = {
			isa = PBXGroup;
			children = (
				301BF535109A57CC0062928A /* libCordova.a */,
				AA6B60031FD742F400F33AF3 /* Cordova.framework */,
			);
			name = Products;
			sourceTree = "<group>";
		};
		3047A50E1AB8057F00498E2A /* config */ = {
			isa = PBXGroup;
			children = (
				3047A50F1AB8059700498E2A /* build-debug.xcconfig */,
				3047A5101AB8059700498E2A /* build-release.xcconfig */,
				3047A5111AB8059700498E2A /* build.xcconfig */,
			);
			name = config;
			sourceTree = "<group>";
		};
		307C750510C5A3420062BCA9 /* Plugins */ = {
			isa = PBXGroup;
			children = (
				96F9CD47A8B64E5AAFE029DB /* AppVersion.m */,
				DDE9FB0B9E734F4FA76879CE /* AppVersion.h */,
				F0F9410B099444C5A219F3D3 /* CDVDevice.m */,
				78DE1EBE8E324A3D860EA68A /* CDVDevice.h */,
				15CE1661BD1048F3868A0DE4 /* CDVInAppBrowser.m */,
				0902174AAC674C3C85DFECC2 /* CDVInAppBrowser.h */,
				9E3AF38F06684CFA949B4EB3 /* CDVSplashScreen.m */,
				4C59C56D151C47C18D73D746 /* CDVViewController+SplashScreen.m */,
				FE33D2DBEDEA429992CE0737 /* CDVSplashScreen.h */,
				BBC89445F0B14149B39EF9B6 /* CDVViewController+SplashScreen.h */,
				FA0F3B02000B4C319B54DBFE /* CDVStatusBar.m */,
				96DD2003A34343DA9B36BDEA /* CDVStatusBar.h */,
				ACD6DBCC216A4C8785DBB0B4 /* IonicKeyboard.m */,
				5BAE9ACBC6DC493885DDECE8 /* IonicKeyboard.h */,
				E718D1802C2D4B6582B2280A /* CDVWKWebViewEngine.m */,
				FF6E8569E67E415AB2B67763 /* CDVWKWebViewUIDelegate.m */,
				8945E2A842C4481BB9B91577 /* CDVWKProcessPoolFactory.m */,
				2AE00B7AFFFE43BF820BAE18 /* GCDWebServer.m */,
				E4375608650246499273D486 /* GCDWebServerConnection.m */,
				E76B236EEF824189B79C709E /* GCDWebServerFunctions.m */,
				7267A348EF744E65A2E0C617 /* GCDWebServerRequest.m */,
				D18476B4790E419094E2FF38 /* GCDWebServerResponse.m */,
				C9755CE3A95D45E8B75F0406 /* GCDWebServerDataRequest.m */,
				C8B48AAD65A241FAA2866BCE /* GCDWebServerFileRequest.m */,
				A3A8091E83ED43EBA9CBAE1A /* GCDWebServerMultiPartFormRequest.m */,
				2722D697D02541758D85FF08 /* GCDWebServerURLEncodedFormRequest.m */,
				FFE09AA84C1847CCAACAE3C1 /* GCDWebServerDataResponse.m */,
				C62DF7572A09488D835653B0 /* GCDWebServerErrorResponse.m */,
				E271D1A47BD3483FB12ED6A3 /* GCDWebServerFileResponse.m */,
				753A8E7FCC4D4495B2D987EF /* GCDWebServerStreamedResponse.m */,
				266F1C40AA9147109D447E38 /* CDVWKWebViewEngine.h */,
				E8802BD3D3FF41359DC4DC7C /* CDVWKWebViewUIDelegate.h */,
				585DD673030D49C180F43FC6 /* CDVWKProcessPoolFactory.h */,
				C8D92C002F064520B8898297 /* GCDWebServer.h */,
				6786035BFD7D41BF8A51D3CE /* GCDWebServerConnection.h */,
				942C8DD06244442B973A04A8 /* GCDWebServerFunctions.h */,
				039E9C913FD04AABBE2A981C /* GCDWebServerHTTPStatusCodes.h */,
				FD3D784A2EF741EDA11B4E30 /* GCDWebServerPrivate.h */,
				DDE42E2F940149E1AC8457BB /* GCDWebServerRequest.h */,
				E365B17C312E45658E1E295E /* GCDWebServerResponse.h */,
				1BA5A1CC8C444017BD75D446 /* GCDWebServerDataRequest.h */,
				806E341DCCC446F191E80AC4 /* GCDWebServerFileRequest.h */,
				38465FAB2F314DBB9D215A14 /* GCDWebServerMultiPartFormRequest.h */,
				CCCABE4594CF4121B7C48041 /* GCDWebServerURLEncodedFormRequest.h */,
				DB6D6636071745D79C44B483 /* GCDWebServerDataResponse.h */,
				C1465489823F43A193298D1F /* GCDWebServerErrorResponse.h */,
				EDC4EFDB655B42969D594841 /* GCDWebServerFileResponse.h */,
				C604D7A8F2D4476589203568 /* GCDWebServerStreamedResponse.h */,
				21B4E1FCD2C5488A8AACC476 /* SQLitePlugin.m */,
				07D9B5834C4B4B3CA688319E /* PSPDFThreadSafeMutableDictionary.m */,
				E29E6623A758471882891C02 /* sqlite3_regexp.c */,
				143FBFE2F19541F9976E4C9D /* sqlite3_base64.c */,
				9B783B4A4B5C4D1C90123CA8 /* cencode.c */,
				58B4A300DF594F309CF26F71 /* sqlite3.c */,
				A6A94A84AA1F4D40AEB1EE34 /* SQLitePlugin.h */,
				83863046A4C64BF9ACE17689 /* PSPDFThreadSafeMutableDictionary.h */,
				509AC0CB90984169A46F267D /* sqlite3_regexp.h */,
				F058FF5BF1EF4E79A1524E9C /* sqlite3_base64.h */,
				AC9ACF712B6F47999A01162A /* cencode.h */,
				0A30F39A9A744877B3F99B10 /* sqlite3.h */,
			);
			name = Plugins;
			path = "College Chefs/Plugins";
			sourceTree = SOURCE_ROOT;
		};
		EB87FDF11871DA420020F90C /* Staging */ = {
			isa = PBXGroup;
			children = (
				F840E1F0165FE0F500CFE078 /* config.xml */,
				301BF56E109A69640062928A /* www */,
			);
			name = Staging;
			sourceTree = "<group>";
		};
/* End PBXGroup section */

/* Begin PBXNativeTarget section */
		1D6058900D05DD3D006BFB54 /* College Chefs */ = {
			isa = PBXNativeTarget;
			buildConfigurationList = 1D6058960D05DD3E006BFB54 /* Build configuration list for PBXNativeTarget "College Chefs" */;
			buildPhases = (
				304B58A110DAC018002A0835 /* Copy www directory */,
				1D60588D0D05DD3D006BFB54 /* Resources */,
				1D60588E0D05DD3D006BFB54 /* Sources */,
				1D60588F0D05DD3D006BFB54 /* Frameworks */,
			);
			buildRules = (
			);
			dependencies = (
				301BF551109A68C00062928A /* PBXTargetDependency */,
			);
			name = "College Chefs";
			productName = "College Chefs";
			productReference = 1D6058910D05DD3D006BFB54 /* College Chefs.app */;
			productType = "com.apple.product-type.application";
		};
/* End PBXNativeTarget section */

/* Begin PBXProject section */
		29B97313FDCFA39411CA2CEA /* Project object */ = {
			isa = PBXProject;
			attributes = {
				LastUpgradeCheck = 510;
				TargetAttributes = {
					1D6058900D05DD3D006BFB54 = {
						DevelopmentTeam = 33B6ZYAT4Q;
					};
				};
			};
			buildConfigurationList = C01FCF4E08A954540054247B /* Build configuration list for PBXProject "College Chefs" */;
			compatibilityVersion = "Xcode 3.2";
			developmentRegion = English;
			hasScannedForEncodings = 1;
			knownRegions = (
				en,
			);
			mainGroup = 29B97314FDCFA39411CA2CEA /* CustomTemplate */;
			projectDirPath = "";
			projectReferences = (
				{
					ProductGroup = 301BF52E109A57CC0062928A /* Products */;
					ProjectRef = 301BF52D109A57CC0062928A /* CordovaLib/CordovaLib.xcodeproj */;
				},
			);
			projectRoot = "";
			targets = (
				1D6058900D05DD3D006BFB54 /* College Chefs */,
			);
		};
/* End PBXProject section */

/* Begin PBXReferenceProxy section */
		301BF535109A57CC0062928A /* libCordova.a */ = {
			isa = PBXReferenceProxy;
			fileType = archive.ar;
			path = libCordova.a;
			remoteRef = 301BF534109A57CC0062928A /* PBXContainerItemProxy */;
			sourceTree = BUILT_PRODUCTS_DIR;
		};
		AA6B60031FD742F400F33AF3 /* Cordova.framework */ = {
			isa = PBXReferenceProxy;
			fileType = wrapper.framework;
			path = Cordova.framework;
			remoteRef = AA6B60021FD742F400F33AF3 /* PBXContainerItemProxy */;
			sourceTree = BUILT_PRODUCTS_DIR;
		};
/* End PBXReferenceProxy section */

/* Begin PBXResourcesBuildPhase section */
		1D60588D0D05DD3D006BFB54 /* Resources */ = {
			isa = PBXResourcesBuildPhase;
			buildActionMask = 2147483647;
			files = (
				302D95F214D2391D003F00A1 /* MainViewController.xib in Resources */,
				0207DA581B56EA530066E2B4 /* Images.xcassets in Resources */,
				6AFF5BF91D6E424B00AB3073 /* CDVLaunchScreen.storyboard in Resources */,
			);
			runOnlyForDeploymentPostprocessing = 0;
		};
/* End PBXResourcesBuildPhase section */

/* Begin PBXShellScriptBuildPhase section */
		304B58A110DAC018002A0835 /* Copy www directory */ = {
			isa = PBXShellScriptBuildPhase;
			buildActionMask = 2147483647;
			files = (
			);
			inputPaths = (
			);
			name = "Copy www directory";
			outputPaths = (
			);
			runOnlyForDeploymentPostprocessing = 0;
			shellPath = /bin/sh;
			shellScript = "NODEJS_PATH=/usr/local/bin; NVM_NODE_PATH=~/.nvm/versions/node/`nvm version 2>/dev/null`/bin; N_NODE_PATH=`find /usr/local/n/versions/node/* -maxdepth 0 -type d 2>/dev/null | tail -1`/bin; XCODE_NODE_PATH=`xcode-select --print-path`/usr/share/xcs/Node/bin; PATH=$NODEJS_PATH:$NVM_NODE_PATH:$N_NODE_PATH:$XCODE_NODE_PATH:$PATH && node cordova/lib/copy-www-build-step.js";
			showEnvVarsInLog = 0;
		};
/* End PBXShellScriptBuildPhase section */

/* Begin PBXSourcesBuildPhase section */
		1D60588E0D05DD3D006BFB54 /* Sources */ = {
			isa = PBXSourcesBuildPhase;
			buildActionMask = 2147483647;
			files = (
				1D60589B0D05DD56006BFB54 /* main.m in Sources */,
				1D3623260D0F684500981E51 /* AppDelegate.m in Sources */,
				302D95F114D2391D003F00A1 /* MainViewController.m in Sources */,
				968EE80BDC4F4A559EF2F893 /* AppVersion.m in Sources */,
				6E14353A223942AA87449087 /* CDVDevice.m in Sources */,
				0F42931149B84724A9C6EA61 /* CDVInAppBrowser.m in Sources */,
				3CC48A3A6E0F4C918FA566E8 /* CDVSplashScreen.m in Sources */,
				1E99BA01FCC8484AB8BB67FC /* CDVViewController+SplashScreen.m in Sources */,
				FC91AD6F74164205969AB769 /* CDVStatusBar.m in Sources */,
				2DFAD230B8054747873FB5A1 /* IonicKeyboard.m in Sources */,
				1E97A129A8044F79987D364B /* CDVWKWebViewEngine.m in Sources */,
				5BB3AEFC4C3143FC91CB660A /* CDVWKWebViewUIDelegate.m in Sources */,
				1210800FC2D443F7B16CF6A2 /* CDVWKProcessPoolFactory.m in Sources */,
				B6573D9E6E4246359656A3AB /* GCDWebServer.m in Sources */,
				AF7EEED6846C49CBA5161CF8 /* GCDWebServerConnection.m in Sources */,
				184797F2A0A048C1AF8DDADE /* GCDWebServerFunctions.m in Sources */,
				DECEBBFE79C64E56B1AC7E85 /* GCDWebServerRequest.m in Sources */,
				853D2CCACFA14E78855DA0A2 /* GCDWebServerResponse.m in Sources */,
				8A628C934A78424D92F2069F /* GCDWebServerDataRequest.m in Sources */,
				F419144EA5BB42568D4BEF76 /* GCDWebServerFileRequest.m in Sources */,
				793882DB95E942FB833E767F /* GCDWebServerMultiPartFormRequest.m in Sources */,
				747F8AD073A84F369F1690E1 /* GCDWebServerURLEncodedFormRequest.m in Sources */,
				EE1CB649FA174CC98CCF63D4 /* GCDWebServerDataResponse.m in Sources */,
				658BE6B894AE4C34B92657D8 /* GCDWebServerErrorResponse.m in Sources */,
				4D06B8C35FB249D79C0A0E03 /* GCDWebServerFileResponse.m in Sources */,
				2D695208E5014CC19B3622A8 /* GCDWebServerStreamedResponse.m in Sources */,
				3505D1E764054B1E860AF207 /* sqlite3_regexp.c in Sources */,
				A4338670D18046368D888607 /* sqlite3_base64.c in Sources */,
				41CFD499E6B141EFB96D2895 /* cencode.c in Sources */,
				4BD557EC4521457487AC5423 /* sqlite3.c in Sources */,
				15C55F2280F4409CAB01A4FD /* SQLitePlugin.m in Sources */,
				DBD6B68808384B4C828143EA /* PSPDFThreadSafeMutableDictionary.m in Sources */,
				016DEA66FC0245EF9FE9D801 /* sqlite3_regexp.c in Resources */,
				EBFE68C50C2A4DA49D87B83F /* sqlite3_base64.c in Resources */,
				F98930A2D1E24744B52BFB6C /* cencode.c in Resources */,
				D9DBD00BC6994D8596D60367 /* sqlite3.c in Resources */,
			);
			runOnlyForDeploymentPostprocessing = 0;
		};
/* End PBXSourcesBuildPhase section */

/* Begin PBXTargetDependency section */
		301BF551109A68C00062928A /* PBXTargetDependency */ = {
			isa = PBXTargetDependency;
			name = CordovaLib;
			targetProxy = 301BF550109A68C00062928A /* PBXContainerItemProxy */;
		};
/* End PBXTargetDependency section */

/* Begin XCBuildConfiguration section */
		1D6058940D05DD3E006BFB54 /* Debug */ = {
			isa = XCBuildConfiguration;
			baseConfigurationReference = 3047A50F1AB8059700498E2A /* build-debug.xcconfig */;
			buildSettings = {
				ALWAYS_SEARCH_USER_PATHS = NO;
				ASSETCATALOG_COMPILER_APPICON_NAME = AppIcon;
				ASSETCATALOG_COMPILER_LAUNCHIMAGE_NAME = LaunchImage;
				CLANG_ENABLE_MODULES = YES;
				CLANG_ENABLE_OBJC_ARC = YES;
				COPY_PHASE_STRIP = NO;
				DEVELOPMENT_TEAM = 33B6ZYAT4Q;
				GCC_DYNAMIC_NO_PIC = NO;
				GCC_OPTIMIZATION_LEVEL = 0;
				GCC_PRECOMPILE_PREFIX_HEADER = YES;
				GCC_PREFIX_HEADER = "College Chefs/College Chefs-Prefix.pch";
				GCC_THUMB_SUPPORT = NO;
				GCC_VERSION = "";
				INFOPLIST_FILE = "College Chefs/College Chefs-Info.plist";
				IPHONEOS_DEPLOYMENT_TARGET = 9.0;
				LD_RUNPATH_SEARCH_PATHS = "@executable_path/Frameworks";
				PRODUCT_NAME = "College Chefs";
				TARGETED_DEVICE_FAMILY = "1,2";
			};
			name = Debug;
		};
		1D6058950D05DD3E006BFB54 /* Release */ = {
			isa = XCBuildConfiguration;
			baseConfigurationReference = 3047A5101AB8059700498E2A /* build-release.xcconfig */;
			buildSettings = {
				ALWAYS_SEARCH_USER_PATHS = NO;
				ASSETCATALOG_COMPILER_APPICON_NAME = AppIcon;
				ASSETCATALOG_COMPILER_LAUNCHIMAGE_NAME = LaunchImage;
				CLANG_ENABLE_MODULES = YES;
				CLANG_ENABLE_OBJC_ARC = YES;
				COPY_PHASE_STRIP = YES;
				DEVELOPMENT_TEAM = 33B6ZYAT4Q;
				GCC_PRECOMPILE_PREFIX_HEADER = YES;
				GCC_PREFIX_HEADER = "College Chefs/College Chefs-Prefix.pch";
				GCC_THUMB_SUPPORT = NO;
				GCC_VERSION = "";
				INFOPLIST_FILE = "College Chefs/College Chefs-Info.plist";
				IPHONEOS_DEPLOYMENT_TARGET = 9.0;
				LD_RUNPATH_SEARCH_PATHS = "@executable_path/Frameworks";
				PRODUCT_NAME = "College Chefs";
				TARGETED_DEVICE_FAMILY = "1,2";
			};
			name = Release;
		};
		C01FCF4F08A954540054247B /* Debug */ = {
			isa = XCBuildConfiguration;
			baseConfigurationReference = 3047A5111AB8059700498E2A /* build.xcconfig */;
			buildSettings = {
				ASSETCATALOG_COMPILER_LAUNCHIMAGE_NAME = LaunchImage;
				CLANG_ENABLE_MODULES = YES;
				CLANG_ENABLE_OBJC_ARC = YES;
				CLANG_WARN_BOOL_CONVERSION = YES;
				CLANG_WARN_CONSTANT_CONVERSION = YES;
				CLANG_WARN_EMPTY_BODY = YES;
				CLANG_WARN_ENUM_CONVERSION = YES;
				CLANG_WARN_INT_CONVERSION = YES;
				CLANG_WARN__DUPLICATE_METHOD_MATCH = YES;
				GCC_C_LANGUAGE_STANDARD = c99;
				GCC_THUMB_SUPPORT = NO;
				GCC_VERSION = "";
				GCC_WARN_ABOUT_RETURN_TYPE = YES;
				GCC_WARN_UNDECLARED_SELECTOR = YES;
				GCC_WARN_UNINITIALIZED_AUTOS = YES;
				GCC_WARN_UNUSED_FUNCTION = YES;
				GCC_WARN_UNUSED_VARIABLE = YES;
				ONLY_ACTIVE_ARCH = YES;
				SDKROOT = iphoneos;
				SKIP_INSTALL = NO;
			};
			name = Debug;
		};
		C01FCF5008A954540054247B /* Release */ = {
			isa = XCBuildConfiguration;
			baseConfigurationReference = 3047A5111AB8059700498E2A /* build.xcconfig */;
			buildSettings = {
				ASSETCATALOG_COMPILER_LAUNCHIMAGE_NAME = LaunchImage;
				CLANG_ENABLE_MODULES = YES;
				CLANG_ENABLE_OBJC_ARC = YES;
				CLANG_WARN_BOOL_CONVERSION = YES;
				CLANG_WARN_CONSTANT_CONVERSION = YES;
				CLANG_WARN_EMPTY_BODY = YES;
				CLANG_WARN_ENUM_CONVERSION = YES;
				CLANG_WARN_INT_CONVERSION = YES;
				CLANG_WARN__DUPLICATE_METHOD_MATCH = YES;
				GCC_C_LANGUAGE_STANDARD = c99;
				GCC_THUMB_SUPPORT = NO;
				GCC_VERSION = "";
				GCC_WARN_ABOUT_RETURN_TYPE = YES;
				GCC_WARN_UNDECLARED_SELECTOR = YES;
				GCC_WARN_UNINITIALIZED_AUTOS = YES;
				GCC_WARN_UNUSED_FUNCTION = YES;
				GCC_WARN_UNUSED_VARIABLE = YES;
				SDKROOT = iphoneos;
				SKIP_INSTALL = NO;
			};
			name = Release;
		};
/* End XCBuildConfiguration section */

/* Begin XCConfigurationList section */
		1D6058960D05DD3E006BFB54 /* Build configuration list for PBXNativeTarget "College Chefs" */ = {
			isa = XCConfigurationList;
			buildConfigurations = (
				1D6058940D05DD3E006BFB54 /* Debug */,
				1D6058950D05DD3E006BFB54 /* Release */,
			);
			defaultConfigurationIsVisible = 0;
			defaultConfigurationName = Release;
		};
		C01FCF4E08A954540054247B /* Build configuration list for PBXProject "College Chefs" */ = {
			isa = XCConfigurationList;
			buildConfigurations = (
				C01FCF4F08A954540054247B /* Debug */,
				C01FCF5008A954540054247B /* Release */,
			);
			defaultConfigurationIsVisible = 0;
			defaultConfigurationName = Release;
		};
/* End XCConfigurationList section */
	};
	rootObject = 29B97313FDCFA39411CA2CEA /* Project object */;
}
